// !$*UTF8*$!
{
	archiveVersion = 1;
	classes = {
	};
	objectVersion = 48;
	objects = {

/* Begin PBXBuildFile section */
		1010499521200B7C009A2330 /* JournalViewController.swift in Sources */ = {isa = PBXBuildFile; fileRef = 1010499421200B7C009A2330 /* JournalViewController.swift */; };
		B457BB49211E91F000DC6CD0 /* ContactUsViewController.swift in Sources */ = {isa = PBXBuildFile; fileRef = B457BB48211E91F000DC6CD0 /* ContactUsViewController.swift */; };
		B457BB4B211E999C00DC6CD0 /* GithubViewController.swift in Sources */ = {isa = PBXBuildFile; fileRef = B457BB4A211E999C00DC6CD0 /* GithubViewController.swift */; };
		B457BB4D211E99BF00DC6CD0 /* FacebookViewController.swift in Sources */ = {isa = PBXBuildFile; fileRef = B457BB4C211E99BF00DC6CD0 /* FacebookViewController.swift */; };
		B46CD9ED21183D6B002C21D8 /* pulsing.swift in Sources */ = {isa = PBXBuildFile; fileRef = B46CD9EC21183D6B002C21D8 /* pulsing.swift */; };
		B46CD9EF21183DAB002C21D8 /* mandala-mandalas-ornaments-doodles-pattern-circle-decorations-6-512.png in Resources */ = {isa = PBXBuildFile; fileRef = B46CD9EE21183DA9002C21D8 /* mandala-mandalas-ornaments-doodles-pattern-circle-decorations-6-512.png */; };
		B46CD9F121183ECF002C21D8 /* ToolkitViewController.swift in Sources */ = {isa = PBXBuildFile; fileRef = B46CD9F021183ECF002C21D8 /* ToolkitViewController.swift */; };
		B4A396DF20B125E3000CDC9F /* WhatIsInfoViewController.swift in Sources */ = {isa = PBXBuildFile; fileRef = B4A396DE20B125E3000CDC9F /* WhatIsInfoViewController.swift */; };
		B4A396E120B1260B000CDC9F /* LivingWithInfoViewController.swift in Sources */ = {isa = PBXBuildFile; fileRef = B4A396E020B1260B000CDC9F /* LivingWithInfoViewController.swift */; };
		B4A396E320B12628000CDC9F /* PlacesInfoViewController.swift in Sources */ = {isa = PBXBuildFile; fileRef = B4A396E220B12628000CDC9F /* PlacesInfoViewController.swift */; };
		B4A396E520B12648000CDC9F /* ImprovingSkillsInfoViewController.swift in Sources */ = {isa = PBXBuildFile; fileRef = B4A396E420B12648000CDC9F /* ImprovingSkillsInfoViewController.swift */; };
		B4A396E720B12661000CDC9F /* MoreInfoViewController.swift in Sources */ = {isa = PBXBuildFile; fileRef = B4A396E620B12661000CDC9F /* MoreInfoViewController.swift */; };
		C80DEFAF2117BAEA00E2604F /* TableViewCellGoal.swift in Sources */ = {isa = PBXBuildFile; fileRef = C80DEFAD2117BAEA00E2604F /* TableViewCellGoal.swift */; };
		C80DEFB02117BAEA00E2604F /* TableViewCellGoal.xib in Resources */ = {isa = PBXBuildFile; fileRef = C80DEFAE2117BAEA00E2604F /* TableViewCellGoal.xib */; };
		C80DEFB22117BBA900E2604F /* GoalsCellsViewController.swift in Sources */ = {isa = PBXBuildFile; fileRef = C80DEFB12117BBA900E2604F /* GoalsCellsViewController.swift */; };
		C82D0920210FD4E000B5A4B3 /* UnChecked@2x.png in Resources */ = {isa = PBXBuildFile; fileRef = C82D091C210FD4DC00B5A4B3 /* UnChecked@2x.png */; };
		C82D0921210FD4E000B5A4B3 /* Checked@2x.png in Resources */ = {isa = PBXBuildFile; fileRef = C82D091D210FD4DD00B5A4B3 /* Checked@2x.png */; };
		C82D0922210FD4E000B5A4B3 /* UnChecked@3x.png in Resources */ = {isa = PBXBuildFile; fileRef = C82D091E210FD4DE00B5A4B3 /* UnChecked@3x.png */; };
		C82D0923210FD4E000B5A4B3 /* Checked@3x.png in Resources */ = {isa = PBXBuildFile; fileRef = C82D091F210FD4DF00B5A4B3 /* Checked@3x.png */; };
		C830BF892092C33B00FFEAA9 /* SettingsController.swift in Sources */ = {isa = PBXBuildFile; fileRef = C830BF882092C33B00FFEAA9 /* SettingsController.swift */; };
		C836EA8B2119008800A00EBF /* ViewGoalsViewController.swift in Sources */ = {isa = PBXBuildFile; fileRef = C836EA8A2119008800A00EBF /* ViewGoalsViewController.swift */; };
		C88F2A9E206482110039194A /* AppDelegate.swift in Sources */ = {isa = PBXBuildFile; fileRef = C88F2A9D206482110039194A /* AppDelegate.swift */; };
		C88F2AA0206482110039194A /* ViewController.swift in Sources */ = {isa = PBXBuildFile; fileRef = C88F2A9F206482110039194A /* ViewController.swift */; };
		C88F2AA3206482120039194A /* Main.storyboard in Resources */ = {isa = PBXBuildFile; fileRef = C88F2AA1206482120039194A /* Main.storyboard */; };
		C88F2AA5206482120039194A /* Assets.xcassets in Resources */ = {isa = PBXBuildFile; fileRef = C88F2AA4206482120039194A /* Assets.xcassets */; };
		C88F2AA8206482120039194A /* LaunchScreen.storyboard in Resources */ = {isa = PBXBuildFile; fileRef = C88F2AA6206482120039194A /* LaunchScreen.storyboard */; };
		C88F2AB22064826E0039194A /* SecondViewController.swift in Sources */ = {isa = PBXBuildFile; fileRef = C88F2AB12064826E0039194A /* SecondViewController.swift */; };
		C88F2AB4206485E30039194A /* ThirdViewController.swift in Sources */ = {isa = PBXBuildFile; fileRef = C88F2AB3206485E30039194A /* ThirdViewController.swift */; };
		C88F2ABA206491B40039194A /* FifthViewController.swift in Sources */ = {isa = PBXBuildFile; fileRef = C88F2AB9206491B40039194A /* FifthViewController.swift */; };
		C8D119BF20B4A9370029739F /* WriteAGoalViewController.swift in Sources */ = {isa = PBXBuildFile; fileRef = C8D119BE20B4A9370029739F /* WriteAGoalViewController.swift */; };
		C8D119C320B4AFAD0029739F /* WhatisAGoalViewController.swift in Sources */ = {isa = PBXBuildFile; fileRef = C8D119C220B4AFAD0029739F /* WhatisAGoalViewController.swift */; };
		C8FDBF9020B4B19A0037C795 /* ReviewMyGoalsViewController.swift in Sources */ = {isa = PBXBuildFile; fileRef = C8FDBF8F20B4B19A0037C795 /* ReviewMyGoalsViewController.swift */; };
		C8FDBF9420B4B93B0037C795 /* CurrentGoalsViewController.swift in Sources */ = {isa = PBXBuildFile; fileRef = C8FDBF9320B4B93B0037C795 /* CurrentGoalsViewController.swift */; };
/* End PBXBuildFile section */

/* Begin PBXFileReference section */
		1010499421200B7C009A2330 /* JournalViewController.swift */ = {isa = PBXFileReference; lastKnownFileType = sourcecode.swift; path = JournalViewController.swift; sourceTree = "<group>"; };
		B457BB48211E91F000DC6CD0 /* ContactUsViewController.swift */ = {isa = PBXFileReference; lastKnownFileType = sourcecode.swift; path = ContactUsViewController.swift; sourceTree = "<group>"; };
		B457BB4A211E999C00DC6CD0 /* GithubViewController.swift */ = {isa = PBXFileReference; lastKnownFileType = sourcecode.swift; path = GithubViewController.swift; sourceTree = "<group>"; };
		B457BB4C211E99BF00DC6CD0 /* FacebookViewController.swift */ = {isa = PBXFileReference; lastKnownFileType = sourcecode.swift; path = FacebookViewController.swift; sourceTree = "<group>"; };
		B46CD9EC21183D6B002C21D8 /* pulsing.swift */ = {isa = PBXFileReference; fileEncoding = 4; lastKnownFileType = sourcecode.swift; path = pulsing.swift; sourceTree = "<group>"; };
		B46CD9EE21183DA9002C21D8 /* mandala-mandalas-ornaments-doodles-pattern-circle-decorations-6-512.png */ = {isa = PBXFileReference; lastKnownFileType = image.png; path = "mandala-mandalas-ornaments-doodles-pattern-circle-decorations-6-512.png"; sourceTree = "<group>"; };
		B46CD9F021183ECF002C21D8 /* ToolkitViewController.swift */ = {isa = PBXFileReference; fileEncoding = 4; lastKnownFileType = sourcecode.swift; path = ToolkitViewController.swift; sourceTree = "<group>"; };
		B4A396DE20B125E3000CDC9F /* WhatIsInfoViewController.swift */ = {isa = PBXFileReference; lastKnownFileType = sourcecode.swift; path = WhatIsInfoViewController.swift; sourceTree = "<group>"; };
		B4A396E020B1260B000CDC9F /* LivingWithInfoViewController.swift */ = {isa = PBXFileReference; lastKnownFileType = sourcecode.swift; path = LivingWithInfoViewController.swift; sourceTree = "<group>"; };
		B4A396E220B12628000CDC9F /* PlacesInfoViewController.swift */ = {isa = PBXFileReference; fileEncoding = 4; lastKnownFileType = sourcecode.swift; path = PlacesInfoViewController.swift; sourceTree = "<group>"; };
		B4A396E420B12648000CDC9F /* ImprovingSkillsInfoViewController.swift */ = {isa = PBXFileReference; lastKnownFileType = sourcecode.swift; path = ImprovingSkillsInfoViewController.swift; sourceTree = "<group>"; };
		B4A396E620B12661000CDC9F /* MoreInfoViewController.swift */ = {isa = PBXFileReference; lastKnownFileType = sourcecode.swift; path = MoreInfoViewController.swift; sourceTree = "<group>"; };
		C80DEFAD2117BAEA00E2604F /* TableViewCellGoal.swift */ = {isa = PBXFileReference; lastKnownFileType = sourcecode.swift; path = TableViewCellGoal.swift; sourceTree = "<group>"; };
		C80DEFAE2117BAEA00E2604F /* TableViewCellGoal.xib */ = {isa = PBXFileReference; lastKnownFileType = file.xib; path = TableViewCellGoal.xib; sourceTree = "<group>"; };
		C80DEFB12117BBA900E2604F /* GoalsCellsViewController.swift */ = {isa = PBXFileReference; lastKnownFileType = sourcecode.swift; path = GoalsCellsViewController.swift; sourceTree = "<group>"; };
		C82D091C210FD4DC00B5A4B3 /* UnChecked@2x.png */ = {isa = PBXFileReference; lastKnownFileType = image.png; path = "UnChecked@2x.png"; sourceTree = "<group>"; };
		C82D091D210FD4DD00B5A4B3 /* Checked@2x.png */ = {isa = PBXFileReference; lastKnownFileType = image.png; path = "Checked@2x.png"; sourceTree = "<group>"; };
		C82D091E210FD4DE00B5A4B3 /* UnChecked@3x.png */ = {isa = PBXFileReference; lastKnownFileType = image.png; path = "UnChecked@3x.png"; sourceTree = "<group>"; };
		C82D091F210FD4DF00B5A4B3 /* Checked@3x.png */ = {isa = PBXFileReference; lastKnownFileType = image.png; path = "Checked@3x.png"; sourceTree = "<group>"; };
		C830BF882092C33B00FFEAA9 /* SettingsController.swift */ = {isa = PBXFileReference; lastKnownFileType = sourcecode.swift; path = SettingsController.swift; sourceTree = "<group>"; };
		C836EA8A2119008800A00EBF /* ViewGoalsViewController.swift */ = {isa = PBXFileReference; lastKnownFileType = sourcecode.swift; path = ViewGoalsViewController.swift; sourceTree = "<group>"; };
		C88F2A9A206482110039194A /* COSC345.app */ = {isa = PBXFileReference; explicitFileType = wrapper.application; includeInIndex = 0; path = COSC345.app; sourceTree = BUILT_PRODUCTS_DIR; };
		C88F2A9D206482110039194A /* AppDelegate.swift */ = {isa = PBXFileReference; lastKnownFileType = sourcecode.swift; path = AppDelegate.swift; sourceTree = "<group>"; };
		C88F2A9F206482110039194A /* ViewController.swift */ = {isa = PBXFileReference; lastKnownFileType = sourcecode.swift; path = ViewController.swift; sourceTree = "<group>"; };
		C88F2AA2206482120039194A /* Base */ = {isa = PBXFileReference; lastKnownFileType = file.storyboard; name = Base; path = Base.lproj/Main.storyboard; sourceTree = "<group>"; };
		C88F2AA4206482120039194A /* Assets.xcassets */ = {isa = PBXFileReference; lastKnownFileType = folder.assetcatalog; path = Assets.xcassets; sourceTree = "<group>"; };
		C88F2AA7206482120039194A /* Base */ = {isa = PBXFileReference; lastKnownFileType = file.storyboard; name = Base; path = Base.lproj/LaunchScreen.storyboard; sourceTree = "<group>"; };
		C88F2AA9206482120039194A /* Info.plist */ = {isa = PBXFileReference; lastKnownFileType = text.plist.xml; path = Info.plist; sourceTree = "<group>"; };
		C88F2AB12064826E0039194A /* SecondViewController.swift */ = {isa = PBXFileReference; lastKnownFileType = sourcecode.swift; path = SecondViewController.swift; sourceTree = "<group>"; };
		C88F2AB3206485E30039194A /* ThirdViewController.swift */ = {isa = PBXFileReference; lastKnownFileType = sourcecode.swift; path = ThirdViewController.swift; sourceTree = "<group>"; };
		C88F2AB9206491B40039194A /* FifthViewController.swift */ = {isa = PBXFileReference; lastKnownFileType = sourcecode.swift; path = FifthViewController.swift; sourceTree = "<group>"; };
		C8D119BE20B4A9370029739F /* WriteAGoalViewController.swift */ = {isa = PBXFileReference; lastKnownFileType = sourcecode.swift; path = WriteAGoalViewController.swift; sourceTree = "<group>"; };
		C8D119C220B4AFAD0029739F /* WhatisAGoalViewController.swift */ = {isa = PBXFileReference; lastKnownFileType = sourcecode.swift; path = WhatisAGoalViewController.swift; sourceTree = "<group>"; };
		C8FDBF8F20B4B19A0037C795 /* ReviewMyGoalsViewController.swift */ = {isa = PBXFileReference; lastKnownFileType = sourcecode.swift; path = ReviewMyGoalsViewController.swift; sourceTree = "<group>"; };
		C8FDBF9320B4B93B0037C795 /* CurrentGoalsViewController.swift */ = {isa = PBXFileReference; lastKnownFileType = sourcecode.swift; path = CurrentGoalsViewController.swift; sourceTree = "<group>"; };
/* End PBXFileReference section */

/* Begin PBXFrameworksBuildPhase section */
		C88F2A97206482110039194A /* Frameworks */ = {
			isa = PBXFrameworksBuildPhase;
			buildActionMask = 2147483647;
			files = (
			);
			runOnlyForDeploymentPostprocessing = 0;
		};
/* End PBXFrameworksBuildPhase section */

/* Begin PBXGroup section */
		C88F2A91206482110039194A = {
			isa = PBXGroup;
			children = (
				C88F2A9C206482110039194A /* COSC345 */,
				C88F2A9B206482110039194A /* Products */,
			);
			sourceTree = "<group>";
		};
		C88F2A9B206482110039194A /* Products */ = {
			isa = PBXGroup;
			children = (
				C88F2A9A206482110039194A /* COSC345.app */,
			);
			name = Products;
			sourceTree = "<group>";
		};
		C88F2A9C206482110039194A /* COSC345 */ = {
			isa = PBXGroup;
			children = (
				C82D091D210FD4DD00B5A4B3 /* Checked@2x.png */,
				C82D091F210FD4DF00B5A4B3 /* Checked@3x.png */,
				C82D091C210FD4DC00B5A4B3 /* UnChecked@2x.png */,
				C82D091E210FD4DE00B5A4B3 /* UnChecked@3x.png */,
				C88F2A9D206482110039194A /* AppDelegate.swift */,
				B46CD9EE21183DA9002C21D8 /* mandala-mandalas-ornaments-doodles-pattern-circle-decorations-6-512.png */,
				C88F2A9F206482110039194A /* ViewController.swift */,
				C88F2AA1206482120039194A /* Main.storyboard */,
				1010499421200B7C009A2330 /* JournalViewController.swift */,
				B4A396E420B12648000CDC9F /* ImprovingSkillsInfoViewController.swift */,
				B4A396E020B1260B000CDC9F /* LivingWithInfoViewController.swift */,
				B457BB4C211E99BF00DC6CD0 /* FacebookViewController.swift */,
				B457BB4A211E999C00DC6CD0 /* GithubViewController.swift */,
				B4A396E620B12661000CDC9F /* MoreInfoViewController.swift */,
				B46CD9EC21183D6B002C21D8 /* pulsing.swift */,
				B4A396E220B12628000CDC9F /* PlacesInfoViewController.swift */,
				B46CD9F021183ECF002C21D8 /* ToolkitViewController.swift */,
				B4A396DE20B125E3000CDC9F /* WhatIsInfoViewController.swift */,
				B457BB48211E91F000DC6CD0 /* ContactUsViewController.swift */,
				C88F2AA4206482120039194A /* Assets.xcassets */,
				C88F2AA6206482120039194A /* LaunchScreen.storyboard */,
				C88F2AA9206482120039194A /* Info.plist */,
				C88F2AB12064826E0039194A /* SecondViewController.swift */,
				C88F2AB3206485E30039194A /* ThirdViewController.swift */,
				C88F2AB9206491B40039194A /* FifthViewController.swift */,
				C830BF882092C33B00FFEAA9 /* SettingsController.swift */,
				C8D119BE20B4A9370029739F /* WriteAGoalViewController.swift */,
				C8D119C220B4AFAD0029739F /* WhatisAGoalViewController.swift */,
				C8FDBF8F20B4B19A0037C795 /* ReviewMyGoalsViewController.swift */,
				C8FDBF9320B4B93B0037C795 /* CurrentGoalsViewController.swift */,
				C80DEFAD2117BAEA00E2604F /* TableViewCellGoal.swift */,
				C80DEFAE2117BAEA00E2604F /* TableViewCellGoal.xib */,
				C80DEFB12117BBA900E2604F /* GoalsCellsViewController.swift */,
				C836EA8A2119008800A00EBF /* ViewGoalsViewController.swift */,
			);
			path = COSC345;
			sourceTree = "<group>";
		};
/* End PBXGroup section */

/* Begin PBXNativeTarget section */
		C88F2A99206482110039194A /* COSC345 */ = {
			isa = PBXNativeTarget;
			buildConfigurationList = C88F2AAC206482120039194A /* Build configuration list for PBXNativeTarget "COSC345" */;
			buildPhases = (
				C88F2A96206482110039194A /* Sources */,
				C88F2A97206482110039194A /* Frameworks */,
				C88F2A98206482110039194A /* Resources */,
			);
			buildRules = (
			);
			dependencies = (
			);
			name = COSC345;
			productName = COSC345;
			productReference = C88F2A9A206482110039194A /* COSC345.app */;
			productType = "com.apple.product-type.application";
		};
/* End PBXNativeTarget section */

/* Begin PBXProject section */
		C88F2A92206482110039194A /* Project object */ = {
			isa = PBXProject;
			attributes = {
				LastSwiftUpdateCheck = 0910;
				LastUpgradeCheck = 0910;
				ORGANIZATIONNAME = "Ethan Brake";
				TargetAttributes = {
					C88F2A99206482110039194A = {
						CreatedOnToolsVersion = 9.1;
						ProvisioningStyle = Automatic;
					};
				};
			};
			buildConfigurationList = C88F2A95206482110039194A /* Build configuration list for PBXProject "COSC345" */;
			compatibilityVersion = "Xcode 8.0";
			developmentRegion = en;
			hasScannedForEncodings = 0;
			knownRegions = (
				en,
				Base,
			);
			mainGroup = C88F2A91206482110039194A;
			productRefGroup = C88F2A9B206482110039194A /* Products */;
			projectDirPath = "";
			projectRoot = "";
			targets = (
				C88F2A99206482110039194A /* COSC345 */,
			);
		};
/* End PBXProject section */

/* Begin PBXResourcesBuildPhase section */
		C88F2A98206482110039194A /* Resources */ = {
			isa = PBXResourcesBuildPhase;
			buildActionMask = 2147483647;
			files = (
				C82D0922210FD4E000B5A4B3 /* UnChecked@3x.png in Resources */,
				B46CD9EF21183DAB002C21D8 /* mandala-mandalas-ornaments-doodles-pattern-circle-decorations-6-512.png in Resources */,
				C82D0921210FD4E000B5A4B3 /* Checked@2x.png in Resources */,
				C88F2AA8206482120039194A /* LaunchScreen.storyboard in Resources */,
				C82D0923210FD4E000B5A4B3 /* Checked@3x.png in Resources */,
				C80DEFB02117BAEA00E2604F /* TableViewCellGoal.xib in Resources */,
				C88F2AA5206482120039194A /* Assets.xcassets in Resources */,
				C88F2AA3206482120039194A /* Main.storyboard in Resources */,
				C82D0920210FD4E000B5A4B3 /* UnChecked@2x.png in Resources */,
			);
			runOnlyForDeploymentPostprocessing = 0;
		};
/* End PBXResourcesBuildPhase section */

/* Begin PBXSourcesBuildPhase section */
		C88F2A96206482110039194A /* Sources */ = {
			isa = PBXSourcesBuildPhase;
			buildActionMask = 2147483647;
			files = (
				C80DEFAF2117BAEA00E2604F /* TableViewCellGoal.swift in Sources */,
				B457BB4D211E99BF00DC6CD0 /* FacebookViewController.swift in Sources */,
				C830BF892092C33B00FFEAA9 /* SettingsController.swift in Sources */,
				B457BB49211E91F000DC6CD0 /* ContactUsViewController.swift in Sources */,
				C88F2ABA206491B40039194A /* FifthViewController.swift in Sources */,
				C88F2AB22064826E0039194A /* SecondViewController.swift in Sources */,
				B4A396E120B1260B000CDC9F /* LivingWithInfoViewController.swift in Sources */,
				B4A396DF20B125E3000CDC9F /* WhatIsInfoViewController.swift in Sources */,
				B46CD9F121183ECF002C21D8 /* ToolkitViewController.swift in Sources */,
				C8FDBF9420B4B93B0037C795 /* CurrentGoalsViewController.swift in Sources */,
				B457BB4B211E999C00DC6CD0 /* GithubViewController.swift in Sources */,
				C836EA8B2119008800A00EBF /* ViewGoalsViewController.swift in Sources */,
				C8D119BF20B4A9370029739F /* WriteAGoalViewController.swift in Sources */,
				B4A396E320B12628000CDC9F /* PlacesInfoViewController.swift in Sources */,
				C88F2AA0206482110039194A /* ViewController.swift in Sources */,
				C88F2AB4206485E30039194A /* ThirdViewController.swift in Sources */,
				1010499521200B7C009A2330 /* JournalViewController.swift in Sources */,
				C8D119C320B4AFAD0029739F /* WhatisAGoalViewController.swift in Sources */,
				C8FDBF9020B4B19A0037C795 /* ReviewMyGoalsViewController.swift in Sources */,
				B4A396E720B12661000CDC9F /* MoreInfoViewController.swift in Sources */,
				C80DEFB22117BBA900E2604F /* GoalsCellsViewController.swift in Sources */,
				B46CD9ED21183D6B002C21D8 /* pulsing.swift in Sources */,
				C88F2A9E206482110039194A /* AppDelegate.swift in Sources */,
				B4A396E520B12648000CDC9F /* ImprovingSkillsInfoViewController.swift in Sources */,
			);
			runOnlyForDeploymentPostprocessing = 0;
		};
/* End PBXSourcesBuildPhase section */

/* Begin PBXVariantGroup section */
		C88F2AA1206482120039194A /* Main.storyboard */ = {
			isa = PBXVariantGroup;
			children = (
				C88F2AA2206482120039194A /* Base */,
			);
			name = Main.storyboard;
			sourceTree = "<group>";
		};
		C88F2AA6206482120039194A /* LaunchScreen.storyboard */ = {
			isa = PBXVariantGroup;
			children = (
				C88F2AA7206482120039194A /* Base */,
			);
			name = LaunchScreen.storyboard;
			sourceTree = "<group>";
		};
/* End PBXVariantGroup section */

/* Begin XCBuildConfiguration section */
		C88F2AAA206482120039194A /* Debug */ = {
			isa = XCBuildConfiguration;
			buildSettings = {
				ALWAYS_SEARCH_USER_PATHS = NO;
				CLANG_ANALYZER_NONNULL = YES;
				CLANG_ANALYZER_NUMBER_OBJECT_CONVERSION = YES_AGGRESSIVE;
				CLANG_CXX_LANGUAGE_STANDARD = "gnu++14";
				CLANG_CXX_LIBRARY = "libc++";
				CLANG_ENABLE_MODULES = YES;
				CLANG_ENABLE_OBJC_ARC = YES;
				CLANG_WARN_BLOCK_CAPTURE_AUTORELEASING = YES;
				CLANG_WARN_BOOL_CONVERSION = YES;
				CLANG_WARN_COMMA = YES;
				CLANG_WARN_CONSTANT_CONVERSION = YES;
				CLANG_WARN_DIRECT_OBJC_ISA_USAGE = YES_ERROR;
				CLANG_WARN_DOCUMENTATION_COMMENTS = YES;
				CLANG_WARN_EMPTY_BODY = YES;
				CLANG_WARN_ENUM_CONVERSION = YES;
				CLANG_WARN_INFINITE_RECURSION = YES;
				CLANG_WARN_INT_CONVERSION = YES;
				CLANG_WARN_NON_LITERAL_NULL_CONVERSION = YES;
				CLANG_WARN_OBJC_LITERAL_CONVERSION = YES;
				CLANG_WARN_OBJC_ROOT_CLASS = YES_ERROR;
				CLANG_WARN_RANGE_LOOP_ANALYSIS = YES;
				CLANG_WARN_STRICT_PROTOTYPES = YES;
				CLANG_WARN_SUSPICIOUS_MOVE = YES;
				CLANG_WARN_UNGUARDED_AVAILABILITY = YES_AGGRESSIVE;
				CLANG_WARN_UNREACHABLE_CODE = YES;
				CLANG_WARN__DUPLICATE_METHOD_MATCH = YES;
				CODE_SIGN_IDENTITY = "iPhone Developer";
				COPY_PHASE_STRIP = NO;
				DEBUG_INFORMATION_FORMAT = dwarf;
				ENABLE_STRICT_OBJC_MSGSEND = YES;
				ENABLE_TESTABILITY = YES;
				GCC_C_LANGUAGE_STANDARD = gnu11;
				GCC_DYNAMIC_NO_PIC = NO;
				GCC_NO_COMMON_BLOCKS = YES;
				GCC_OPTIMIZATION_LEVEL = 0;
				GCC_PREPROCESSOR_DEFINITIONS = (
					"DEBUG=1",
					"$(inherited)",
				);
				GCC_WARN_64_TO_32_BIT_CONVERSION = YES;
				GCC_WARN_ABOUT_RETURN_TYPE = YES_ERROR;
				GCC_WARN_UNDECLARED_SELECTOR = YES;
				GCC_WARN_UNINITIALIZED_AUTOS = YES_AGGRESSIVE;
				GCC_WARN_UNUSED_FUNCTION = YES;
				GCC_WARN_UNUSED_VARIABLE = YES;
				IPHONEOS_DEPLOYMENT_TARGET = 11.1;
				MTL_ENABLE_DEBUG_INFO = YES;
				ONLY_ACTIVE_ARCH = YES;
				SDKROOT = iphoneos;
				SWIFT_ACTIVE_COMPILATION_CONDITIONS = DEBUG;
				SWIFT_OPTIMIZATION_LEVEL = "-Onone";
			};
			name = Debug;
		};
		C88F2AAB206482120039194A /* Release */ = {
			isa = XCBuildConfiguration;
			buildSettings = {
				ALWAYS_SEARCH_USER_PATHS = NO;
				CLANG_ANALYZER_NONNULL = YES;
				CLANG_ANALYZER_NUMBER_OBJECT_CONVERSION = YES_AGGRESSIVE;
				CLANG_CXX_LANGUAGE_STANDARD = "gnu++14";
				CLANG_CXX_LIBRARY = "libc++";
				CLANG_ENABLE_MODULES = YES;
				CLANG_ENABLE_OBJC_ARC = YES;
				CLANG_WARN_BLOCK_CAPTURE_AUTORELEASING = YES;
				CLANG_WARN_BOOL_CONVERSION = YES;
				CLANG_WARN_COMMA = YES;
				CLANG_WARN_CONSTANT_CONVERSION = YES;
				CLANG_WARN_DIRECT_OBJC_ISA_USAGE = YES_ERROR;
				CLANG_WARN_DOCUMENTATION_COMMENTS = YES;
				CLANG_WARN_EMPTY_BODY = YES;
				CLANG_WARN_ENUM_CONVERSION = YES;
				CLANG_WARN_INFINITE_RECURSION = YES;
				CLANG_WARN_INT_CONVERSION = YES;
				CLANG_WARN_NON_LITERAL_NULL_CONVERSION = YES;
				CLANG_WARN_OBJC_LITERAL_CONVERSION = YES;
				CLANG_WARN_OBJC_ROOT_CLASS = YES_ERROR;
				CLANG_WARN_RANGE_LOOP_ANALYSIS = YES;
				CLANG_WARN_STRICT_PROTOTYPES = YES;
				CLANG_WARN_SUSPICIOUS_MOVE = YES;
				CLANG_WARN_UNGUARDED_AVAILABILITY = YES_AGGRESSIVE;
				CLANG_WARN_UNREACHABLE_CODE = YES;
				CLANG_WARN__DUPLICATE_METHOD_MATCH = YES;
				CODE_SIGN_IDENTITY = "iPhone Developer";
				COPY_PHASE_STRIP = NO;
				DEBUG_INFORMATION_FORMAT = "dwarf-with-dsym";
				ENABLE_NS_ASSERTIONS = NO;
				ENABLE_STRICT_OBJC_MSGSEND = YES;
				GCC_C_LANGUAGE_STANDARD = gnu11;
				GCC_NO_COMMON_BLOCKS = YES;
				GCC_WARN_64_TO_32_BIT_CONVERSION = YES;
				GCC_WARN_ABOUT_RETURN_TYPE = YES_ERROR;
				GCC_WARN_UNDECLARED_SELECTOR = YES;
				GCC_WARN_UNINITIALIZED_AUTOS = YES_AGGRESSIVE;
				GCC_WARN_UNUSED_FUNCTION = YES;
				GCC_WARN_UNUSED_VARIABLE = YES;
				IPHONEOS_DEPLOYMENT_TARGET = 11.1;
				MTL_ENABLE_DEBUG_INFO = NO;
				SDKROOT = iphoneos;
				SWIFT_OPTIMIZATION_LEVEL = "-Owholemodule";
				VALIDATE_PRODUCT = YES;
			};
			name = Release;
		};
		C88F2AAD206482120039194A /* Debug */ = {
			isa = XCBuildConfiguration;
			buildSettings = {
				ASSETCATALOG_COMPILER_APPICON_NAME = AppIcon;
				CODE_SIGN_STYLE = Automatic;
				DEVELOPMENT_TEAM = 78DPXVPLCN;
				INFOPLIST_FILE = COSC345/Info.plist;
				LD_RUNPATH_SEARCH_PATHS = "$(inherited) @executable_path/Frameworks";
				PRODUCT_BUNDLE_IDENTIFIER = com.ebrake.COSC345;
				PRODUCT_NAME = "$(TARGET_NAME)";
				SWIFT_VERSION = 4.0;
				TARGETED_DEVICE_FAMILY = "1,2";
			};
			name = Debug;
		};
		C88F2AAE206482120039194A /* Release */ = {
			isa = XCBuildConfiguration;
			buildSettings = {
				ASSETCATALOG_COMPILER_APPICON_NAME = AppIcon;
				CODE_SIGN_STYLE = Automatic;
				DEVELOPMENT_TEAM = 78DPXVPLCN;
				INFOPLIST_FILE = COSC345/Info.plist;
				LD_RUNPATH_SEARCH_PATHS = "$(inherited) @executable_path/Frameworks";
				PRODUCT_BUNDLE_IDENTIFIER = com.ebrake.COSC345;
				PRODUCT_NAME = "$(TARGET_NAME)";
				SWIFT_VERSION = 4.0;
				TARGETED_DEVICE_FAMILY = "1,2";
			};
			name = Release;
		};
/* End XCBuildConfiguration section */

/* Begin XCConfigurationList section */
		C88F2A95206482110039194A /* Build configuration list for PBXProject "COSC345" */ = {
			isa = XCConfigurationList;
			buildConfigurations = (
				C88F2AAA206482120039194A /* Debug */,
				C88F2AAB206482120039194A /* Release */,
			);
			defaultConfigurationIsVisible = 0;
			defaultConfigurationName = Release;
		};
		C88F2AAC206482120039194A /* Build configuration list for PBXNativeTarget "COSC345" */ = {
			isa = XCConfigurationList;
			buildConfigurations = (
				C88F2AAD206482120039194A /* Debug */,
				C88F2AAE206482120039194A /* Release */,
			);
			defaultConfigurationIsVisible = 0;
			defaultConfigurationName = Release;
		};
/* End XCConfigurationList section */
	};
	rootObject = C88F2A92206482110039194A /* Project object */;
}
